// !$*UTF8*$!
{
	archiveVersion = 1;
	classes = {
	};
	objectVersion = 46;
	objects = {

/* Begin PBXBuildFile section */
		396E03711CC9B25F00FDADDE /* main.m in Sources */ = {isa = PBXBuildFile; fileRef = 396E03701CC9B25F00FDADDE /* main.m */; };
		396E03741CC9B25F00FDADDE /* AppDelegate.m in Sources */ = {isa = PBXBuildFile; fileRef = 396E03731CC9B25F00FDADDE /* AppDelegate.m */; };
		396E037C1CC9B25F00FDADDE /* Assets.xcassets in Resources */ = {isa = PBXBuildFile; fileRef = 396E037B1CC9B25F00FDADDE /* Assets.xcassets */; };
		396E037F1CC9B25F00FDADDE /* LaunchScreen.storyboard in Resources */ = {isa = PBXBuildFile; fileRef = 396E037D1CC9B25F00FDADDE /* LaunchScreen.storyboard */; };
		396E038A1CC9B25F00FDADDE /* Demo1_____Tests.m in Sources */ = {isa = PBXBuildFile; fileRef = 396E03891CC9B25F00FDADDE /* Demo1_____Tests.m */; };
		396E03951CC9B25F00FDADDE /* Demo1_____UITests.m in Sources */ = {isa = PBXBuildFile; fileRef = 396E03941CC9B25F00FDADDE /* Demo1_____UITests.m */; };
		396E03A71CC9B38100FDADDE /* MyTableViewController.m in Sources */ = {isa = PBXBuildFile; fileRef = 396E03A61CC9B38100FDADDE /* MyTableViewController.m */; };
		396E03AB1CC9C00B00FDADDE /* TableViewCell.m in Sources */ = {isa = PBXBuildFile; fileRef = 396E03A91CC9C00B00FDADDE /* TableViewCell.m */; };
		396E03AC1CC9C00B00FDADDE /* TableViewCell.xib in Resources */ = {isa = PBXBuildFile; fileRef = 396E03AA1CC9C00B00FDADDE /* TableViewCell.xib */; };
/* End PBXBuildFile section */

/* Begin PBXContainerItemProxy section */
		396E03861CC9B25F00FDADDE /* PBXContainerItemProxy */ = {
			isa = PBXContainerItemProxy;
			containerPortal = 396E03641CC9B25F00FDADDE /* Project object */;
			proxyType = 1;
			remoteGlobalIDString = 396E036B1CC9B25F00FDADDE;
			remoteInfo = "Demo1_静态表格";
		};
		396E03911CC9B25F00FDADDE /* PBXContainerItemProxy */ = {
			isa = PBXContainerItemProxy;
			containerPortal = 396E03641CC9B25F00FDADDE /* Project object */;
			proxyType = 1;
			remoteGlobalIDString = 396E036B1CC9B25F00FDADDE;
			remoteInfo = "Demo1_静态表格";
		};
/* End PBXContainerItemProxy section */

/* Begin PBXFileReference section */
		396E036C1CC9B25F00FDADDE /* Demo1_静态表格.app */ = {isa = PBXFileReference; explicitFileType = wrapper.application; includeInIndex = 0; path = "Demo1_静态表格.app"; sourceTree = BUILT_PRODUCTS_DIR; };
		396E03701CC9B25F00FDADDE /* main.m */ = {isa = PBXFileReference; lastKnownFileType = sourcecode.c.objc; path = main.m; sourceTree = "<group>"; };
		396E03721CC9B25F00FDADDE /* AppDelegate.h */ = {isa = PBXFileReference; lastKnownFileType = sourcecode.c.h; path = AppDelegate.h; sourceTree = "<group>"; };
		396E03731CC9B25F00FDADDE /* AppDelegate.m */ = {isa = PBXFileReference; lastKnownFileType = sourcecode.c.objc; path = AppDelegate.m; sourceTree = "<group>"; };
		396E037B1CC9B25F00FDADDE /* Assets.xcassets */ = {isa = PBXFileReference; lastKnownFileType = folder.assetcatalog; path = Assets.xcassets; sourceTree = "<group>"; };
		396E037E1CC9B25F00FDADDE /* Base */ = {isa = PBXFileReference; lastKnownFileType = file.storyboard; name = Base; path = Base.lproj/LaunchScreen.storyboard; sourceTree = "<group>"; };
		396E03801CC9B25F00FDADDE /* Info.plist */ = {isa = PBXFileReference; lastKnownFileType = text.plist.xml; path = Info.plist; sourceTree = "<group>"; };
		396E03851CC9B25F00FDADDE /* Demo1_静态表格Tests.xctest */ = {isa = PBXFileReference; explicitFileType = wrapper.cfbundle; includeInIndex = 0; path = "Demo1_静态表格Tests.xctest"; sourceTree = BUILT_PRODUCTS_DIR; };
		396E03891CC9B25F00FDADDE /* Demo1_____Tests.m */ = {isa = PBXFileReference; lastKnownFileType = sourcecode.c.objc; path = "Demo1_____Tests.m"; sourceTree = "<group>"; };
		396E038B1CC9B25F00FDADDE /* Info.plist */ = {isa = PBXFileReference; lastKnownFileType = text.plist.xml; path = Info.plist; sourceTree = "<group>"; };
		396E03901CC9B25F00FDADDE /* Demo1_静态表格UITests.xctest */ = {isa = PBXFileReference; explicitFileType = wrapper.cfbundle; includeInIndex = 0; path = "Demo1_静态表格UITests.xctest"; sourceTree = BUILT_PRODUCTS_DIR; };
		396E03941CC9B25F00FDADDE /* Demo1_____UITests.m */ = {isa = PBXFileReference; lastKnownFileType = sourcecode.c.objc; path = "Demo1_____UITests.m"; sourceTree = "<group>"; };
		396E03961CC9B25F00FDADDE /* Info.plist */ = {isa = PBXFileReference; lastKnownFileType = text.plist.xml; path = Info.plist; sourceTree = "<group>"; };
		396E03A51CC9B38100FDADDE /* MyTableViewController.h */ = {isa = PBXFileReference; fileEncoding = 4; lastKnownFileType = sourcecode.c.h; path = MyTableViewController.h; sourceTree = "<group>"; };
		396E03A61CC9B38100FDADDE /* MyTableViewController.m */ = {isa = PBXFileReference; fileEncoding = 4; lastKnownFileType = sourcecode.c.objc; path = MyTableViewController.m; sourceTree = "<group>"; };
		396E03A81CC9C00B00FDADDE /* TableViewCell.h */ = {isa = PBXFileReference; fileEncoding = 4; lastKnownFileType = sourcecode.c.h; path = TableViewCell.h; sourceTree = "<group>"; };
		396E03A91CC9C00B00FDADDE /* TableViewCell.m */ = {isa = PBXFileReference; fileEncoding = 4; lastKnownFileType = sourcecode.c.objc; path = TableViewCell.m; sourceTree = "<group>"; };
		396E03AA1CC9C00B00FDADDE /* TableViewCell.xib */ = {isa = PBXFileReference; fileEncoding = 4; lastKnownFileType = file.xib; path = TableViewCell.xib; sourceTree = "<group>"; };
/* End PBXFileReference section */

/* Begin PBXFrameworksBuildPhase section */
		396E03691CC9B25F00FDADDE /* Frameworks */ = {
			isa = PBXFrameworksBuildPhase;
			buildActionMask = 2147483647;
			files = (
			);
			runOnlyForDeploymentPostprocessing = 0;
		};
		396E03821CC9B25F00FDADDE /* Frameworks */ = {
			isa = PBXFrameworksBuildPhase;
			buildActionMask = 2147483647;
			files = (
			);
			runOnlyForDeploymentPostprocessing = 0;
		};
		396E038D1CC9B25F00FDADDE /* Frameworks */ = {
			isa = PBXFrameworksBuildPhase;
			buildActionMask = 2147483647;
			files = (
			);
			runOnlyForDeploymentPostprocessing = 0;
		};
/* End PBXFrameworksBuildPhase section */

/* Begin PBXGroup section */
		396E03631CC9B25F00FDADDE = {
			isa = PBXGroup;
			children = (
				396E036E1CC9B25F00FDADDE /* Demo1_静态表格 */,
				396E03881CC9B25F00FDADDE /* Demo1_静态表格Tests */,
				396E03931CC9B25F00FDADDE /* Demo1_静态表格UITests */,
				396E036D1CC9B25F00FDADDE /* Products */,
			);
			sourceTree = "<group>";
		};
		396E036D1CC9B25F00FDADDE /* Products */ = {
			isa = PBXGroup;
			children = (
				396E036C1CC9B25F00FDADDE /* Demo1_静态表格.app */,
				396E03851CC9B25F00FDADDE /* Demo1_静态表格Tests.xctest */,
				396E03901CC9B25F00FDADDE /* Demo1_静态表格UITests.xctest */,
			);
			name = Products;
			sourceTree = "<group>";
		};
		396E036E1CC9B25F00FDADDE /* Demo1_静态表格 */ = {
			isa = PBXGroup;
			children = (
				396E03721CC9B25F00FDADDE /* AppDelegate.h */,
				396E03731CC9B25F00FDADDE /* AppDelegate.m */,
				396E037B1CC9B25F00FDADDE /* Assets.xcassets */,
				396E037D1CC9B25F00FDADDE /* LaunchScreen.storyboard */,
				396E03801CC9B25F00FDADDE /* Info.plist */,
				396E036F1CC9B25F00FDADDE /* Supporting Files */,
			);
			path = "Demo1_静态表格";
			sourceTree = "<group>";
		};
		396E036F1CC9B25F00FDADDE /* Supporting Files */ = {
			isa = PBXGroup;
			children = (
				396E03701CC9B25F00FDADDE /* main.m */,
				396E03A51CC9B38100FDADDE /* MyTableViewController.h */,
				396E03A61CC9B38100FDADDE /* MyTableViewController.m */,
				396E03A81CC9C00B00FDADDE /* TableViewCell.h */,
				396E03A91CC9C00B00FDADDE /* TableViewCell.m */,
				396E03AA1CC9C00B00FDADDE /* TableViewCell.xib */,
			);
			name = "Supporting Files";
			sourceTree = "<group>";
		};
		396E03881CC9B25F00FDADDE /* Demo1_静态表格Tests */ = {
			isa = PBXGroup;
			children = (
				396E03891CC9B25F00FDADDE /* Demo1_____Tests.m */,
				396E038B1CC9B25F00FDADDE /* Info.plist */,
			);
			path = "Demo1_静态表格Tests";
			sourceTree = "<group>";
		};
		396E03931CC9B25F00FDADDE /* Demo1_静态表格UITests */ = {
			isa = PBXGroup;
			children = (
				396E03941CC9B25F00FDADDE /* Demo1_____UITests.m */,
				396E03961CC9B25F00FDADDE /* Info.plist */,
			);
			path = "Demo1_静态表格UITests";
			sourceTree = "<group>";
		};
/* End PBXGroup section */

/* Begin PBXNativeTarget section */
		396E036B1CC9B25F00FDADDE /* Demo1_静态表格 */ = {
			isa = PBXNativeTarget;
			buildConfigurationList = 396E03991CC9B25F00FDADDE /* Build configuration list for PBXNativeTarget "Demo1_静态表格" */;
			buildPhases = (
				396E03681CC9B25F00FDADDE /* Sources */,
				396E03691CC9B25F00FDADDE /* Frameworks */,
				396E036A1CC9B25F00FDADDE /* Resources */,
			);
			buildRules = (
			);
			dependencies = (
			);
			name = "Demo1_静态表格";
			productName = "Demo1_静态表格";
			productReference = 396E036C1CC9B25F00FDADDE /* Demo1_静态表格.app */;
			productType = "com.apple.product-type.application";
		};
		396E03841CC9B25F00FDADDE /* Demo1_静态表格Tests */ = {
			isa = PBXNativeTarget;
			buildConfigurationList = 396E039C1CC9B25F00FDADDE /* Build configuration list for PBXNativeTarget "Demo1_静态表格Tests" */;
			buildPhases = (
				396E03811CC9B25F00FDADDE /* Sources */,
				396E03821CC9B25F00FDADDE /* Frameworks */,
				396E03831CC9B25F00FDADDE /* Resources */,
			);
			buildRules = (
			);
			dependencies = (
				396E03871CC9B25F00FDADDE /* PBXTargetDependency */,
			);
			name = "Demo1_静态表格Tests";
			productName = "Demo1_静态表格Tests";
			productReference = 396E03851CC9B25F00FDADDE /* Demo1_静态表格Tests.xctest */;
			productType = "com.apple.product-type.bundle.unit-test";
		};
		396E038F1CC9B25F00FDADDE /* Demo1_静态表格UITests */ = {
			isa = PBXNativeTarget;
			buildConfigurationList = 396E039F1CC9B25F00FDADDE /* Build configuration list for PBXNativeTarget "Demo1_静态表格UITests" */;
			buildPhases = (
				396E038C1CC9B25F00FDADDE /* Sources */,
				396E038D1CC9B25F00FDADDE /* Frameworks */,
				396E038E1CC9B25F00FDADDE /* Resources */,
			);
			buildRules = (
			);
			dependencies = (
				396E03921CC9B25F00FDADDE /* PBXTargetDependency */,
			);
			name = "Demo1_静态表格UITests";
			productName = "Demo1_静态表格UITests";
			productReference = 396E03901CC9B25F00FDADDE /* Demo1_静态表格UITests.xctest */;
			productType = "com.apple.product-type.bundle.ui-testing";
		};
/* End PBXNativeTarget section */

/* Begin PBXProject section */
		396E03641CC9B25F00FDADDE /* Project object */ = {
			isa = PBXProject;
			attributes = {
				LastUpgradeCheck = 0710;
				ORGANIZATIONNAME = tarena;
				TargetAttributes = {
					396E036B1CC9B25F00FDADDE = {
						CreatedOnToolsVersion = 7.1;
					};
					396E03841CC9B25F00FDADDE = {
						CreatedOnToolsVersion = 7.1;
						TestTargetID = 396E036B1CC9B25F00FDADDE;
					};
					396E038F1CC9B25F00FDADDE = {
						CreatedOnToolsVersion = 7.1;
						TestTargetID = 396E036B1CC9B25F00FDADDE;
					};
				};
			};
			buildConfigurationList = 396E03671CC9B25F00FDADDE /* Build configuration list for PBXProject "Demo1_静态表格" */;
			compatibilityVersion = "Xcode 3.2";
			developmentRegion = English;
			hasScannedForEncodings = 0;
			knownRegions = (
				en,
				Base,
			);
			mainGroup = 396E03631CC9B25F00FDADDE;
			productRefGroup = 396E036D1CC9B25F00FDADDE /* Products */;
			projectDirPath = "";
			projectRoot = "";
			targets = (
				396E036B1CC9B25F00FDADDE /* Demo1_静态表格 */,
				396E03841CC9B25F00FDADDE /* Demo1_静态表格Tests */,
				396E038F1CC9B25F00FDADDE /* Demo1_静态表格UITests */,
			);
		};
/* End PBXProject section */

/* Begin PBXResourcesBuildPhase section */
		396E036A1CC9B25F00FDADDE /* Resources */ = {
			isa = PBXResourcesBuildPhase;
			buildActionMask = 2147483647;
			files = (
				396E037F1CC9B25F00FDADDE /* LaunchScreen.storyboard in Resources */,
				396E03AC1CC9C00B00FDADDE /* TableViewCell.xib in Resources */,
				396E037C1CC9B25F00FDADDE /* Assets.xcassets in Resources */,
			);
			runOnlyForDeploymentPostprocessing = 0;
		};
		396E03831CC9B25F00FDADDE /* Resources */ = {
			isa = PBXResourcesBuildPhase;
			buildActionMask = 2147483647;
			files = (
			);
			runOnlyForDeploymentPostprocessing = 0;
		};
		396E038E1CC9B25F00FDADDE /* Resources */ = {
			isa = PBXResourcesBuildPhase;
			buildActionMask = 2147483647;
			files = (
			);
			runOnlyForDeploymentPostprocessing = 0;
		};
/* End PBXResourcesBuildPhase section */

/* Begin PBXSourcesBuildPhase section */
		396E03681CC9B25F00FDADDE /* Sources */ = {
			isa = PBXSourcesBuildPhase;
			buildActionMask = 2147483647;
			files = (
				396E03A71CC9B38100FDADDE /* MyTableViewController.m in Sources */,
				396E03AB1CC9C00B00FDADDE /* TableViewCell.m in Sources */,
				396E03741CC9B25F00FDADDE /* AppDelegate.m in Sources */,
				396E03711CC9B25F00FDADDE /* main.m in Sources */,
			);
			runOnlyForDeploymentPostprocessing = 0;
		};
		396E03811CC9B25F00FDADDE /* Sources */ = {
			isa = PBXSourcesBuildPhase;
			buildActionMask = 2147483647;
			files = (
				396E038A1CC9B25F00FDADDE /* Demo1_____Tests.m in Sources */,
			);
			runOnlyForDeploymentPostprocessing = 0;
		};
		396E038C1CC9B25F00FDADDE /* Sources */ = {
			isa = PBXSourcesBuildPhase;
			buildActionMask = 2147483647;
			files = (
				396E03951CC9B25F00FDADDE /* Demo1_____UITests.m in Sources */,
			);
			runOnlyForDeploymentPostprocessing = 0;
		};
/* End PBXSourcesBuildPhase section */

/* Begin PBXTargetDependency section */
		396E03871CC9B25F00FDADDE /* PBXTargetDependency */ = {
			isa = PBXTargetDependency;
			target = 396E036B1CC9B25F00FDADDE /* Demo1_静态表格 */;
			targetProxy = 396E03861CC9B25F00FDADDE /* PBXContainerItemProxy */;
		};
		396E03921CC9B25F00FDADDE /* PBXTargetDependency */ = {
			isa = PBXTargetDependency;
			target = 396E036B1CC9B25F00FDADDE /* Demo1_静态表格 */;
			targetProxy = 396E03911CC9B25F00FDADDE /* PBXContainerItemProxy */;
		};
/* End PBXTargetDependency section */

/* Begin PBXVariantGroup section */
		396E037D1CC9B25F00FDADDE /* LaunchScreen.storyboard */ = {
			isa = PBXVariantGroup;
			children = (
				396E037E1CC9B25F00FDADDE /* Base */,
			);
			name = LaunchScreen.storyboard;
			sourceTree = "<group>";
		};
/* End PBXVariantGroup section */

/* Begin XCBuildConfiguration section */
		396E03971CC9B25F00FDADDE /* Debug */ = {
			isa = XCBuildConfiguration;
			buildSettings = {
				ALWAYS_SEARCH_USER_PATHS = NO;
				CLANG_CXX_LANGUAGE_STANDARD = "gnu++0x";
				CLANG_CXX_LIBRARY = "libc++";
				CLANG_ENABLE_MODULES = YES;
				CLANG_ENABLE_OBJC_ARC = YES;
				CLANG_WARN_BOOL_CONVERSION = YES;
				CLANG_WARN_CONSTANT_CONVERSION = YES;
				CLANG_WARN_DIRECT_OBJC_ISA_USAGE = YES_ERROR;
				CLANG_WARN_EMPTY_BODY = YES;
				CLANG_WARN_ENUM_CONVERSION = YES;
				CLANG_WARN_INT_CONVERSION = YES;
				CLANG_WARN_OBJC_ROOT_CLASS = YES_ERROR;
				CLANG_WARN_UNREACHABLE_CODE = YES;
				CLANG_WARN__DUPLICATE_METHOD_MATCH = YES;
				"CODE_SIGN_IDENTITY[sdk=iphoneos*]" = "iPhone Developer";
				COPY_PHASE_STRIP = NO;
				DEBUG_INFORMATION_FORMAT = dwarf;
				ENABLE_STRICT_OBJC_MSGSEND = YES;
				ENABLE_TESTABILITY = YES;
				GCC_C_LANGUAGE_STANDARD = gnu99;
				GCC_DYNAMIC_NO_PIC = NO;
				GCC_NO_COMMON_BLOCKS = YES;
				GCC_OPTIMIZATION_LEVEL = 0;
				GCC_PREPROCESSOR_DEFINITIONS = (
					"DEBUG=1",
					"$(inherited)",
				);
				GCC_WARN_64_TO_32_BIT_CONVERSION = YES;
				GCC_WARN_ABOUT_RETURN_TYPE = YES_ERROR;
				GCC_WARN_UNDECLARED_SELECTOR = YES;
				GCC_WARN_UNINITIALIZED_AUTOS = YES_AGGRESSIVE;
				GCC_WARN_UNUSED_FUNCTION = YES;
				GCC_WARN_UNUSED_VARIABLE = YES;
				IPHONEOS_DEPLOYMENT_TARGET = 9.1;
				MTL_ENABLE_DEBUG_INFO = YES;
				ONLY_ACTIVE_ARCH = YES;
				SDKROOT = iphoneos;
			};
			name = Debug;
		};
		396E03981CC9B25F00FDADDE /* Release */ = {
			isa = XCBuildConfiguration;
			buildSettings = {
				ALWAYS_SEARCH_USER_PATHS = NO;
				CLANG_CXX_LANGUAGE_STANDARD = "gnu++0x";
				CLANG_CXX_LIBRARY = "libc++";
				CLANG_ENABLE_MODULES = YES;
				CLANG_ENABLE_OBJC_ARC = YES;
				CLANG_WARN_BOOL_CONVERSION = YES;
				CLANG_WARN_CONSTANT_CONVERSION = YES;
				CLANG_WARN_DIRECT_OBJC_ISA_USAGE = YES_ERROR;
				CLANG_WARN_EMPTY_BODY = YES;
				CLANG_WARN_ENUM_CONVERSION = YES;
				CLANG_WARN_INT_CONVERSION = YES;
				CLANG_WARN_OBJC_ROOT_CLASS = YES_ERROR;
				CLANG_WARN_UNREACHABLE_CODE = YES;
				CLANG_WARN__DUPLICATE_METHOD_MATCH = YES;
				"CODE_SIGN_IDENTITY[sdk=iphoneos*]" = "iPhone Developer";
				COPY_PHASE_STRIP = NO;
				DEBUG_INFORMATION_FORMAT = "dwarf-with-dsym";
				ENABLE_NS_ASSERTIONS = NO;
				ENABLE_STRICT_OBJC_MSGSEND = YES;
				GCC_C_LANGUAGE_STANDARD = gnu99;
				GCC_NO_COMMON_BLOCKS = YES;
				GCC_WARN_64_TO_32_BIT_CONVERSION = YES;
				GCC_WARN_ABOUT_RETURN_TYPE = YES_ERROR;
				GCC_WARN_UNDECLARED_SELECTOR = YES;
				GCC_WARN_UNINITIALIZED_AUTOS = YES_AGGRESSIVE;
				GCC_WARN_UNUSED_FUNCTION = YES;
				GCC_WARN_UNUSED_VARIABLE = YES;
				IPHONEOS_DEPLOYMENT_TARGET = 9.1;
				MTL_ENABLE_DEBUG_INFO = NO;
				SDKROOT = iphoneos;
				VALIDATE_PRODUCT = YES;
			};
			name = Release;
		};
		396E039A1CC9B25F00FDADDE /* Debug */ = {
			isa = XCBuildConfiguration;
			buildSettings = {
				ASSETCATALOG_COMPILER_APPICON_NAME = AppIcon;
				INFOPLIST_FILE = "Demo1_静态表格/Info.plist";
				LD_RUNPATH_SEARCH_PATHS = "$(inherited) @executable_path/Frameworks";
				PRODUCT_BUNDLE_IDENTIFIER = "com.tarena.Demo1-----";
				PRODUCT_NAME = "$(TARGET_NAME)";
			};
			name = Debug;
		};
		396E039B1CC9B25F00FDADDE /* Release */ = {
			isa = XCBuildConfiguration;
			buildSettings = {
				ASSETCATALOG_COMPILER_APPICON_NAME = AppIcon;
				INFOPLIST_FILE = "Demo1_静态表格/Info.plist";
				LD_RUNPATH_SEARCH_PATHS = "$(inherited) @executable_path/Frameworks";
				PRODUCT_BUNDLE_IDENTIFIER = "com.tarena.Demo1-----";
				PRODUCT_NAME = "$(TARGET_NAME)";
			};
			name = Release;
		};
		396E039D1CC9B25F00FDADDE /* Debug */ = {
			isa = XCBuildConfiguration;
			buildSettings = {
				BUNDLE_LOADER = "$(TEST_HOST)";
				INFOPLIST_FILE = "Demo1_静态表格Tests/Info.plist";
				LD_RUNPATH_SEARCH_PATHS = "$(inherited) @executable_path/Frameworks @loader_path/Frameworks";
				PRODUCT_BUNDLE_IDENTIFIER = "com.tarena.Demo1-----Tests";
				PRODUCT_NAME = "$(TARGET_NAME)";
				TEST_HOST = "$(BUILT_PRODUCTS_DIR)/Demo1_静态表格.app/Demo1_静态表格";
			};
			name = Debug;
		};
		396E039E1CC9B25F00FDADDE /* Release */ = {
			isa = XCBuildConfiguration;
			buildSettings = {
				BUNDLE_LOADER = "$(TEST_HOST)";
				INFOPLIST_FILE = "Demo1_静态表格Tests/Info.plist";
				LD_RUNPATH_SEARCH_PATHS = "$(inherited) @executable_path/Frameworks @loader_path/Frameworks";
				PRODUCT_BUNDLE_IDENTIFIER = "com.tarena.Demo1-----Tests";
				PRODUCT_NAME = "$(TARGET_NAME)";
				TEST_HOST = "$(BUILT_PRODUCTS_DIR)/Demo1_静态表格.app/Demo1_静态表格";
			};
			name = Release;
		};
		396E03A01CC9B25F00FDADDE /* Debug */ = {
			isa = XCBuildConfiguration;
			buildSettings = {
				INFOPLIST_FILE = "Demo1_静态表格UITests/Info.plist";
				LD_RUNPATH_SEARCH_PATHS = "$(inherited) @executable_path/Frameworks @loader_path/Frameworks";
				PRODUCT_BUNDLE_IDENTIFIER = "com.tarena.Demo1-----UITests";
				PRODUCT_NAME = "$(TARGET_NAME)";
				TEST_TARGET_NAME = "Demo1_静态表格";
				USES_XCTRUNNER = YES;
			};
			name = Debug;
		};
		396E03A11CC9B25F00FDADDE /* Release */ = {
			isa = XCBuildConfiguration;
			buildSettings = {
				INFOPLIST_FILE = "Demo1_静态表格UITests/Info.plist";
				LD_RUNPATH_SEARCH_PATHS = "$(inherited) @executable_path/Frameworks @loader_path/Frameworks";
				PRODUCT_BUNDLE_IDENTIFIER = "com.tarena.Demo1-----UITests";
				PRODUCT_NAME = "$(TARGET_NAME)";
				TEST_TARGET_NAME = "Demo1_静态表格";
				USES_XCTRUNNER = YES;
			};
			name = Release;
		};
/* End XCBuildConfiguration section */

/* Begin XCConfigurationList section */
		396E03671CC9B25F00FDADDE /* Build configuration list for PBXProject "Demo1_静态表格" */ = {
			isa = XCConfigurationList;
			buildConfigurations = (
				396E03971CC9B25F00FDADDE /* Debug */,
				396E03981CC9B25F00FDADDE /* Release */,
			);
			defaultConfigurationIsVisible = 0;
			defaultConfigurationName = Release;
		};
		396E03991CC9B25F00FDADDE /* Build configuration list for PBXNativeTarget "Demo1_静态表格" */ = {
			isa = XCConfigurationList;
			buildConfigurations = (
				396E039A1CC9B25F00FDADDE /* Debug */,
				396E039B1CC9B25F00FDADDE /* Release */,
			);
			defaultConfigurationIsVisible = 0;
		};
		396E039C1CC9B25F00FDADDE /* Build configuration list for PBXNativeTarget "Demo1_静态表格Tests" */ = {
			isa = XCConfigurationList;
			buildConfigurations = (
				396E039D1CC9B25F00FDADDE /* Debug */,
				396E039E1CC9B25F00FDADDE /* Release */,
			);
			defaultConfigurationIsVisible = 0;
		};
		396E039F1CC9B25F00FDADDE /* Build configuration list for PBXNativeTarget "Demo1_静态表格UITests" */ = {
			isa = XCConfigurationList;
			buildConfigurations = (
				396E03A01CC9B25F00FDADDE /* Debug */,
				396E03A11CC9B25F00FDADDE /* Release */,
			);
			defaultConfigurationIsVisible = 0;
		};
/* End XCConfigurationList section */
	};
	rootObject = 396E03641CC9B25F00FDADDE /* Project object */;
}
